
Microsoft Visual Studio Solution File, Format Version 12.00
# Visual Studio Version 17
VisualStudioVersion = 17.0.32112.339
MinimumVisualStudioVersion = 10.0.40219.1
Project("{FAE04EC0-301F-11D3-BF4B-00C04F79EFBC}") = "TelephoneDiary", "TelephoneDiary.csproj", "{9290BAB2-A5FD-4001-8EC1-A670D37093FB}"
EndProject
Global
	GlobalSection(SolutionConfigurationPlatforms) = preSolution
		Debug|Any CPU = Debug|Any CPU
		Release|Any CPU = Release|Any CPU
	EndGlobalSection
	GlobalSection(ProjectConfigurationPlatforms) = postSolution
		{9290BAB2-A5FD-4001-8EC1-A670D37093FB}.Debug|Any CPU.ActiveCfg = Debug|Any CPU
		{9290BAB2-A5FD-4001-8EC1-A670D37093FB}.Debug|Any CPU.Build.0 = Debug|Any CPU
		{9290BAB2-A5FD-4001-8EC1-A670D37093FB}.Release|Any CPU.ActiveCfg = Release|Any CPU
		{9290BAB2-A5FD-4001-8EC1-A670D37093FB}.Release|Any CPU.Build.0 = Release|Any CPU
	EndGlobalSection
	GlobalSection(SolutionProperties) = preSolution
		HideSolutionNode = FALSE
	EndGlobalSection
	GlobalSection(ExtensibilityGlobals) = postSolution
		SolutionGuid = {BF7BCDB0-DC5E-4C05-8DD4-53A0B59D22FE}
	EndGlobalSection
EndGlobal
